<?xml version="1.0" encoding="utf-8"?>
<Project ToolsVersion="4.0" xmlns="http://schemas.microsoft.com/developer/msbuild/2003">
  <ItemGroup>
    <Filter Include="Source Files">
      <UniqueIdentifier>{4FC737F1-C7A5-4376-A066-2A32D752A2FF}</UniqueIdentifier>
      <Extensions>cpp;c;cc;cxx;c++;cppm;ixx;def;odl;idl;hpj;bat;asm;asmx</Extensions>
    </Filter>
    <Filter Include="Header Files">
      <UniqueIdentifier>{93995380-89BD-4b04-88EB-625FBE52EBFB}</UniqueIdentifier>
      <Extensions>h;hh;hpp;hxx;h++;hm;inl;inc;ipp;xsd</Extensions>
    </Filter>
    <Filter Include="Resource Files">
      <UniqueIdentifier>{67DA6AB6-F800-4c08-8B7A-83BB121AAD01}</UniqueIdentifier>
      <Extensions>rc;ico;cur;bmp;dlg;rc2;rct;bin;rgs;gif;jpg;jpeg;jpe;resx;tiff;tif;png;wav;mfcribbon-ms</Extensions>
    </Filter>
  </ItemGroup>
  <ItemGroup>
    <ClCompile Include="WorldServer.cpp">
      <Filter>Source Files</Filter>
    </ClCompile>
    <ClCompile Include="WorldSession.cpp">
      <Filter>Source Files</Filter>
    </ClCompile>
    <ClCompile Include="StreamSession.cpp">
      <Filter>Source Files</Filter>
    </ClCompile>
    <ClCompile Include="Game\Managers\CharacterManager.cpp">
      <Filter>Header Files</Filter>
    </ClCompile>
    <ClCompile Include="Game\Faction\SystemFaction.cpp">
      <Filter>Source Files</Filter>
    </ClCompile>
    <ClCompile Include="Game\Managers\FactionManager.cpp">
      <Filter>Source Files</Filter>
    </ClCompile>
    <ClCompile Include="Game\Managers\ItemManager.cpp">
      <Filter>Source Files</Filter>
    </ClCompile>
    <ClCompile Include="Game\Managers\WorldManager.cpp">
      <Filter>Source Files</Filter>
    </ClCompile>
    <ClCompile Include="Game\Managers\OpCodeManager.cpp">
      <Filter>Source Files</Filter>
    </ClCompile>
    <ClCompile Include="Game\Entity\Items.cpp">
      <Filter>Source Files</Filter>
    </ClCompile>
    <ClCompile Include="Game\Entity\Character.cpp">
      <Filter>Source Files</Filter>
    </ClCompile>
    <ClCompile Include="Game\Entity\Inventory.cpp">
      <Filter>Source Files</Filter>
    </ClCompile>
    <ClCompile Include="Game\Entity\Skill.cpp">
      <Filter>Source Files</Filter>
    </ClCompile>
    <ClCompile Include="Game\Managers\SkillManager.cpp">
      <Filter>Source Files</Filter>
    </ClCompile>
    <ClCompile Include="Game\Managers\ZoneManager.cpp">
      <Filter>Source Files</Filter>
    </ClCompile>
    <ClCompile Include="Game\Managers\LocalizationManager.cpp">
      <Filter>Source Files</Filter>
    </ClCompile>
    <ClCompile Include="Game\Entity\Movement.cpp">
      <Filter>Source Files</Filter>
    </ClCompile>
    <ClCompile Include="Game\Entity\Object.cpp">
      <Filter>Source Files</Filter>
    </ClCompile>
  </ItemGroup>
  <ItemGroup>
    <ClInclude Include="StreamServer.h">
      <Filter>Header Files</Filter>
    </ClInclude>
    <ClInclude Include="WorldSession.h">
      <Filter>Header Files</Filter>
    </ClInclude>
    <ClInclude Include="WorldServer.h">
      <Filter>Header Files</Filter>
    </ClInclude>
    <ClInclude Include="StreamSession.h">
      <Filter>Header Files</Filter>
    </ClInclude>
    <ClInclude Include="Game\Faction\SystemFaction.h">
      <Filter>Header Files</Filter>
    </ClInclude>
    <ClInclude Include="Game\Managers\CharacterManager.h">
      <Filter>Header Files</Filter>
    </ClInclude>
    <ClInclude Include="Game\Managers\FactionManager.h">
      <Filter>Header Files</Filter>
    </ClInclude>
    <ClInclude Include="Game\Character\CharacterStructs.h">
      <Filter>Header Files</Filter>
    </ClInclude>
    <ClInclude Include="Game\Items\ItemDefines.h">
      <Filter>Header Files</Filter>
    </ClInclude>
    <ClInclude Include="Game\Objects\Guid.h">
      <Filter>Header Files</Filter>
    </ClInclude>
    <ClInclude Include="Game\Managers\ItemManager.h">
      <Filter>Header Files</Filter>
    </ClInclude>
    <ClInclude Include="Game\Utility\JsonUtility.h">
      <Filter>Header Files</Filter>
    </ClInclude>
    <ClInclude Include="Game\Utility\SQLiteUtility.h">
      <Filter>Header Files</Filter>
    </ClInclude>
    <ClInclude Include="Game\Managers\SqLiteManager.h">
      <Filter>Header Files</Filter>
    </ClInclude>
    <ClInclude Include="Game\Managers\WorldManager.h">
      <Filter>Header Files</Filter>
    </ClInclude>
    <ClInclude Include="Game\Managers\OpCodeManager.h">
      <Filter>Header Files</Filter>
    </ClInclude>
    <ClInclude Include="Game\Entity\Player.h">
      <Filter>Header Files</Filter>
    </ClInclude>
    <ClInclude Include="Game\Entity\common_entity.h">
      <Filter>Header Files</Filter>
    </ClInclude>
    <ClInclude Include="Game\Entity\Items.h">
      <Filter>Header Files</Filter>
    </ClInclude>
    <ClInclude Include="Game\Entity\Inventory.h">
      <Filter>Header Files</Filter>
    </ClInclude>
    <ClInclude Include="Game\Entity\Unit.h">
      <Filter>Header Files</Filter>
    </ClInclude>
    <ClInclude Include="Game\Entity\UnitCustomModelData.h">
      <Filter>Header Files</Filter>
    </ClInclude>
    <ClInclude Include="Game\Entity\Character.h">
      <Filter>Header Files</Filter>
    </ClInclude>
    <ClInclude Include="Game\Entity\Enums.h">
      <Filter>Header Files</Filter>
    </ClInclude>
    <ClInclude Include="Game\Entity\Skill.h">
      <Filter>Header Files</Filter>
    </ClInclude>
    <ClInclude Include="Game\Managers\SkillManager.h">
      <Filter>Header Files</Filter>
    </ClInclude>
    <ClInclude Include="Game\Managers\ZoneManager.h">
      <Filter>Header Files</Filter>
    </ClInclude>
    <ClInclude Include="Game\Zones\ZoneGroup.h">
      <Filter>Header Files</Filter>
    </ClInclude>
    <ClInclude Include="Game\Zones\ZoneConflict.h">
      <Filter>Header Files</Filter>
    </ClInclude>
    <ClInclude Include="Game\Managers\LocalizationManager.h">
      <Filter>Header Files</Filter>
    </ClInclude>
    <ClInclude Include="Game\Entity\Buff.h">
      <Filter>Header Files</Filter>
    </ClInclude>
    <ClInclude Include="Game\Entity\Movement.h">
      <Filter>Header Files</Filter>
    </ClInclude>
    <ClInclude Include="Game\Entity\Object.h">
      <Filter>Header Files</Filter>
    </ClInclude>
    <ClInclude Include="Game\Entity\Connection.h">
      <Filter>Header Files</Filter>
    </ClInclude>
    <ClInclude Include="Game\Entity\Transform.h">
      <Filter>Header Files</Filter>
    </ClInclude>
  </ItemGroup>
</Project>